
Microsoft Visual Studio Solution File, Format Version 12.00
# Visual Studio Version 17
VisualStudioVersion = 17.4.33110.190
MinimumVisualStudioVersion = 10.0.40219.1
Project("{FAE04EC0-301F-11D3-BF4B-00C04F79EFBC}") = "Revisao", "Revisao\Revisao.csproj", "{A8732DF8-B1AA-43E5-994F-7CBD46F6ABA2}"
EndProject
Global
	GlobalSection(SolutionConfigurationPlatforms) = preSolution
		Debug|Any CPU = Debug|Any CPU
		Release|Any CPU = Release|Any CPU
	EndGlobalSection
	GlobalSection(ProjectConfigurationPlatforms) = postSolution
		{A8732DF8-B1AA-43E5-994F-7CBD46F6ABA2}.Debug|Any CPU.ActiveCfg = Debug|Any CPU
		{A8732DF8-B1AA-43E5-994F-7CBD46F6ABA2}.Debug|Any CPU.Build.0 = Debug|Any CPU
		{A8732DF8-B1AA-43E5-994F-7CBD46F6ABA2}.Release|Any CPU.ActiveCfg = Release|Any CPU
		{A8732DF8-B1AA-43E5-994F-7CBD46F6ABA2}.Release|Any CPU.Build.0 = Release|Any CPU
	EndGlobalSection
	GlobalSection(SolutionProperties) = preSolution
		HideSolutionNode = FALSE
	EndGlobalSection
	GlobalSection(ExtensibilityGlobals) = postSolution
		SolutionGuid = {4FBFF50B-2ABF-42BD-860E-17B0F3835AFB}
	EndGlobalSection
EndGlobal
